
Microsoft Visual Studio Solution File, Format Version 12.00
# Visual Studio Version 16
VisualStudioVersion = 16.0.33130.400
MinimumVisualStudioVersion = 10.0.40219.1
Project("{FAE04EC0-301F-11D3-BF4B-00C04F79EFBC}") = "ProjetoMVC", "ProjetoMVC\ProjetoMVC.csproj", "{F8EAC3C1-62D0-465F-BBB5-4A5F3A0385E4}"
EndProject
Global
	GlobalSection(SolutionConfigurationPlatforms) = preSolution
		Debug|Any CPU = Debug|Any CPU
		Release|Any CPU = Release|Any CPU
	EndGlobalSection
	GlobalSection(ProjectConfigurationPlatforms) = postSolution
		{F8EAC3C1-62D0-465F-BBB5-4A5F3A0385E4}.Debug|Any CPU.ActiveCfg = Debug|Any CPU
		{F8EAC3C1-62D0-465F-BBB5-4A5F3A0385E4}.Debug|Any CPU.Build.0 = Debug|Any CPU
		{F8EAC3C1-62D0-465F-BBB5-4A5F3A0385E4}.Release|Any CPU.ActiveCfg = Release|Any CPU
		{F8EAC3C1-62D0-465F-BBB5-4A5F3A0385E4}.Release|Any CPU.Build.0 = Release|Any CPU
	EndGlobalSection
	GlobalSection(SolutionProperties) = preSolution
		HideSolutionNode = FALSE
	EndGlobalSection
	GlobalSection(ExtensibilityGlobals) = postSolution
		SolutionGuid = {B78D2C8C-EFB9-4224-B38E-B6456F0B5B7F}
	EndGlobalSection
EndGlobal
